PODS:
  - FBSnapshotTestCase (2.1.4):
    - FBSnapshotTestCase/SwiftSupport (= 2.1.4)
  - FBSnapshotTestCase/Core (2.1.4)
  - FBSnapshotTestCase/SwiftSupport (2.1.4):
    - FBSnapshotTestCase/Core
  - QuicklySwift (0.8.0):
    - SnapKit
  - RZColorfulSwift (0.4.0)
  - SnapKit (4.2.0)

DEPENDENCIES:
  - FBSnapshotTestCase (~> 2.1.4)
  - QuicklySwift (from `../`)
  - RZColorfulSwift

SPEC REPOS:
  trunk:
    - FBSnapshotTestCase
    - RZColorfulSwift
    - SnapKit

EXTERNAL SOURCES:
  QuicklySwift:
    :path: "../"

SPEC CHECKSUMS:
  FBSnapshotTestCase: 094f9f314decbabe373b87cc339bea235a63e07a
  QuicklySwift: 80500fa7115415902b0a0626f21c816966cf3727
  RZColorfulSwift: be0a34377c4855336445c2f034117fb19019feac
  SnapKit: fe8a619752f3f27075cc9a90244d75c6c3f27e2a

PODFILE CHECKSUM: 657ece81fec1c9a8a0b361f05651d64ef19f9028

COCOAPODS: 1.15.0
