// !$*UTF8*$!
{
	archiveVersion = 1;
	classes = {
	};
	objectVersion = 46;
	objects = {

/* Begin PBXBuildFile section */
		607FACD61AFB9204008FA782 /* AppDelegate.swift in Sources */ = {isa = PBXBuildFile; fileRef = 607FACD51AFB9204008FA782 /* AppDelegate.swift */; };
		607FACD81AFB9204008FA782 /* ViewController.swift in Sources */ = {isa = PBXBuildFile; fileRef = 607FACD71AFB9204008FA782 /* ViewController.swift */; };
		607FACDB1AFB9204008FA782 /* Main.storyboard in Resources */ = {isa = PBXBuildFile; fileRef = 607FACD91AFB9204008FA782 /* Main.storyboard */; };
		607FACDD1AFB9204008FA782 /* Images.xcassets in Resources */ = {isa = PBXBuildFile; fileRef = 607FACDC1AFB9204008FA782 /* Images.xcassets */; };
		607FACE01AFB9204008FA782 /* LaunchScreen.xib in Resources */ = {isa = PBXBuildFile; fileRef = 607FACDE1AFB9204008FA782 /* LaunchScreen.xib */; };
		607FACEC1AFB9204008FA782 /* Tests.swift in Sources */ = {isa = PBXBuildFile; fileRef = 607FACEB1AFB9204008FA782 /* Tests.swift */; };
		B0B5C8391276FB9FDCE8C8BF /* Pods_QuicklySwift_Tests.framework in Frameworks */ = {isa = PBXBuildFile; fileRef = 10C44B640550BD816C60F599 /* Pods_QuicklySwift_Tests.framework */; };
		B20131BB285818A0004FE458 /* AnimateDemoViewController.swift in Sources */ = {isa = PBXBuildFile; fileRef = B20131BA285818A0004FE458 /* AnimateDemoViewController.swift */; };
		B20131BF28585CE3004FE458 /* LedDemoViewController.swift in Sources */ = {isa = PBXBuildFile; fileRef = B20131BE28585CE3004FE458 /* LedDemoViewController.swift */; };
		B22C27412872848900B34EEF /* TransitionOneViewController.swift in Sources */ = {isa = PBXBuildFile; fileRef = B22C27402872848900B34EEF /* TransitionOneViewController.swift */; };
		B22C27442872849C00B34EEF /* TransitionTwoViewController.swift in Sources */ = {isa = PBXBuildFile; fileRef = B22C27432872849C00B34EEF /* TransitionTwoViewController.swift */; };
		B22C27472872892400B34EEF /* TransitionThreeViewController.swift in Sources */ = {isa = PBXBuildFile; fileRef = B22C27462872892400B34EEF /* TransitionThreeViewController.swift */; };
		B26C6A7F2850519E009512EC /* QuicklyDemoViewController.swift in Sources */ = {isa = PBXBuildFile; fileRef = B26C6A7E2850519E009512EC /* QuicklyDemoViewController.swift */; };
		B26C6A81285073CC009512EC /* TableViewDemoViewController.swift in Sources */ = {isa = PBXBuildFile; fileRef = B26C6A80285073CC009512EC /* TableViewDemoViewController.swift */; };
		B27EEAE02857261E00C55EA5 /* BaseViewDemoViewController.swift in Sources */ = {isa = PBXBuildFile; fileRef = B27EEADF2857261E00C55EA5 /* BaseViewDemoViewController.swift */; };
		B27EEAE22857266B00C55EA5 /* QuickLayoutViewController.swift in Sources */ = {isa = PBXBuildFile; fileRef = B27EEAE12857266B00C55EA5 /* QuickLayoutViewController.swift */; };
		B2921D60285C070E00CBC001 /* FriendDemoViewController.swift in Sources */ = {isa = PBXBuildFile; fileRef = B2921D5F285C070E00CBC001 /* FriendDemoViewController.swift */; };
		B2921D65285C1FF700CBC001 /* FriendView.swift in Sources */ = {isa = PBXBuildFile; fileRef = B2921D64285C1FF700CBC001 /* FriendView.swift */; };
		B2A864F72BCD163300F1AD65 /* TestViewController.swift in Sources */ = {isa = PBXBuildFile; fileRef = B2A864F62BCD163300F1AD65 /* TestViewController.swift */; };
		B2B47DD32AF0ED2F0057FCFB /* DispatchViewController.swift in Sources */ = {isa = PBXBuildFile; fileRef = B2B47DD22AF0ED2F0057FCFB /* DispatchViewController.swift */; };
		B2B4D12A2AB3F6B700270C44 /* GradientLayerViewController.swift in Sources */ = {isa = PBXBuildFile; fileRef = B2B4D1292AB3F6B700270C44 /* GradientLayerViewController.swift */; };
		B2BA01122BBABA3500F3774B /* QPlayerTestViewController.swift in Sources */ = {isa = PBXBuildFile; fileRef = B2BA01112BBABA3500F3774B /* QPlayerTestViewController.swift */; };
		B2C0B1792951A3C900918951 /* GrayfloatIndexViewController.swift in Sources */ = {isa = PBXBuildFile; fileRef = B2C0B1782951A3C900918951 /* GrayfloatIndexViewController.swift */; };
		B2C0B17B2951A4A300918951 /* GrayfloatVC1.swift in Sources */ = {isa = PBXBuildFile; fileRef = B2C0B17A2951A4A300918951 /* GrayfloatVC1.swift */; };
		B2C0B17D2951ACAB00918951 /* GrayfloatVC2.swift in Sources */ = {isa = PBXBuildFile; fileRef = B2C0B17C2951ACAB00918951 /* GrayfloatVC2.swift */; };
		B2C4BC05284F3A1C00B7C25B /* IndexViewController.swift in Sources */ = {isa = PBXBuildFile; fileRef = B2C4BC04284F3A1C00B7C25B /* IndexViewController.swift */; };
		B2C6F2D428FFEC2100A04167 /* AVPlayerViewController.swift in Sources */ = {isa = PBXBuildFile; fileRef = B2C6F2D328FFEC2100A04167 /* AVPlayerViewController.swift */; };
		B2CEF33F2BFC7E9A00EDFED5 /* QSliderTestViewController.swift in Sources */ = {isa = PBXBuildFile; fileRef = B2CEF33E2BFC7E9A00EDFED5 /* QSliderTestViewController.swift */; };
		B2D5CB3D2852DA5A00C6C6EF /* CollectionViewDemoViewController.swift in Sources */ = {isa = PBXBuildFile; fileRef = B2D5CB3C2852DA5A00C6C6EF /* CollectionViewDemoViewController.swift */; };
		B2E5853C286002C300921A91 /* LayoutIndexViewController.swift in Sources */ = {isa = PBXBuildFile; fileRef = B2E5853B286002C300921A91 /* LayoutIndexViewController.swift */; };
		B2E5853E286011D500921A91 /* LayoutDemoViewController.swift in Sources */ = {isa = PBXBuildFile; fileRef = B2E5853D286011D500921A91 /* LayoutDemoViewController.swift */; };
		B2E585402860128200921A91 /* Model.swift in Sources */ = {isa = PBXBuildFile; fileRef = B2E5853F2860128200921A91 /* Model.swift */; };
		D58799F0923A0BADDD7AEE1F /* Pods_QuicklySwift_Example.framework in Frameworks */ = {isa = PBXBuildFile; fileRef = 6E94721E4F9ED514869279E6 /* Pods_QuicklySwift_Example.framework */; };
/* End PBXBuildFile section */

/* Begin PBXContainerItemProxy section */
		607FACE61AFB9204008FA782 /* PBXContainerItemProxy */ = {
			isa = PBXContainerItemProxy;
			containerPortal = 607FACC81AFB9204008FA782 /* Project object */;
			proxyType = 1;
			remoteGlobalIDString = 607FACCF1AFB9204008FA782;
			remoteInfo = QuicklySwift;
		};
/* End PBXContainerItemProxy section */

/* Begin PBXFileReference section */
		10C44B640550BD816C60F599 /* Pods_QuicklySwift_Tests.framework */ = {isa = PBXFileReference; explicitFileType = wrapper.framework; includeInIndex = 0; path = Pods_QuicklySwift_Tests.framework; sourceTree = BUILT_PRODUCTS_DIR; };
		372E01D0CBAC2F251CD52063 /* Pods-QuicklySwift_Example.release.xcconfig */ = {isa = PBXFileReference; includeInIndex = 1; lastKnownFileType = text.xcconfig; name = "Pods-QuicklySwift_Example.release.xcconfig"; path = "Target Support Files/Pods-QuicklySwift_Example/Pods-QuicklySwift_Example.release.xcconfig"; sourceTree = "<group>"; };
		5AE0173B1EB48BBF49AEBAC4 /* README.md */ = {isa = PBXFileReference; includeInIndex = 1; lastKnownFileType = net.daringfireball.markdown; name = README.md; path = ../README.md; sourceTree = "<group>"; };
		607FACD01AFB9204008FA782 /* QuicklySwift_Example.app */ = {isa = PBXFileReference; explicitFileType = wrapper.application; includeInIndex = 0; path = QuicklySwift_Example.app; sourceTree = BUILT_PRODUCTS_DIR; };
		607FACD41AFB9204008FA782 /* Info.plist */ = {isa = PBXFileReference; lastKnownFileType = text.plist.xml; path = Info.plist; sourceTree = "<group>"; };
		607FACD51AFB9204008FA782 /* AppDelegate.swift */ = {isa = PBXFileReference; lastKnownFileType = sourcecode.swift; path = AppDelegate.swift; sourceTree = "<group>"; };
		607FACD71AFB9204008FA782 /* ViewController.swift */ = {isa = PBXFileReference; lastKnownFileType = sourcecode.swift; path = ViewController.swift; sourceTree = "<group>"; };
		607FACDA1AFB9204008FA782 /* Base */ = {isa = PBXFileReference; lastKnownFileType = file.storyboard; name = Base; path = Base.lproj/Main.storyboard; sourceTree = "<group>"; };
		607FACDC1AFB9204008FA782 /* Images.xcassets */ = {isa = PBXFileReference; lastKnownFileType = folder.assetcatalog; path = Images.xcassets; sourceTree = "<group>"; };
		607FACDF1AFB9204008FA782 /* Base */ = {isa = PBXFileReference; lastKnownFileType = file.xib; name = Base; path = Base.lproj/LaunchScreen.xib; sourceTree = "<group>"; };
		607FACE51AFB9204008FA782 /* QuicklySwift_Tests.xctest */ = {isa = PBXFileReference; explicitFileType = wrapper.cfbundle; includeInIndex = 0; path = QuicklySwift_Tests.xctest; sourceTree = BUILT_PRODUCTS_DIR; };
		607FACEA1AFB9204008FA782 /* Info.plist */ = {isa = PBXFileReference; lastKnownFileType = text.plist.xml; path = Info.plist; sourceTree = "<group>"; };
		607FACEB1AFB9204008FA782 /* Tests.swift */ = {isa = PBXFileReference; lastKnownFileType = sourcecode.swift; path = Tests.swift; sourceTree = "<group>"; };
		6E94721E4F9ED514869279E6 /* Pods_QuicklySwift_Example.framework */ = {isa = PBXFileReference; explicitFileType = wrapper.framework; includeInIndex = 0; path = Pods_QuicklySwift_Example.framework; sourceTree = BUILT_PRODUCTS_DIR; };
		7DDB77ECFE0D5D82768870B4 /* LICENSE */ = {isa = PBXFileReference; includeInIndex = 1; lastKnownFileType = text; name = LICENSE; path = ../LICENSE; sourceTree = "<group>"; };
		A8603293D5F28ABA2AA0917A /* Pods-QuicklySwift_Tests.debug.xcconfig */ = {isa = PBXFileReference; includeInIndex = 1; lastKnownFileType = text.xcconfig; name = "Pods-QuicklySwift_Tests.debug.xcconfig"; path = "Target Support Files/Pods-QuicklySwift_Tests/Pods-QuicklySwift_Tests.debug.xcconfig"; sourceTree = "<group>"; };
		B20131BA285818A0004FE458 /* AnimateDemoViewController.swift */ = {isa = PBXFileReference; lastKnownFileType = sourcecode.swift; path = AnimateDemoViewController.swift; sourceTree = "<group>"; };
		B20131BE28585CE3004FE458 /* LedDemoViewController.swift */ = {isa = PBXFileReference; lastKnownFileType = sourcecode.swift; path = LedDemoViewController.swift; sourceTree = "<group>"; };
		B22C27402872848900B34EEF /* TransitionOneViewController.swift */ = {isa = PBXFileReference; lastKnownFileType = sourcecode.swift; path = TransitionOneViewController.swift; sourceTree = "<group>"; };
		B22C27432872849C00B34EEF /* TransitionTwoViewController.swift */ = {isa = PBXFileReference; lastKnownFileType = sourcecode.swift; path = TransitionTwoViewController.swift; sourceTree = "<group>"; };
		B22C27462872892400B34EEF /* TransitionThreeViewController.swift */ = {isa = PBXFileReference; lastKnownFileType = sourcecode.swift; path = TransitionThreeViewController.swift; sourceTree = "<group>"; };
		B26C6A7E2850519E009512EC /* QuicklyDemoViewController.swift */ = {isa = PBXFileReference; lastKnownFileType = sourcecode.swift; path = QuicklyDemoViewController.swift; sourceTree = "<group>"; };
		B26C6A80285073CC009512EC /* TableViewDemoViewController.swift */ = {isa = PBXFileReference; lastKnownFileType = sourcecode.swift; path = TableViewDemoViewController.swift; sourceTree = "<group>"; };
		B27EEADF2857261E00C55EA5 /* BaseViewDemoViewController.swift */ = {isa = PBXFileReference; lastKnownFileType = sourcecode.swift; path = BaseViewDemoViewController.swift; sourceTree = "<group>"; };
		B27EEAE12857266B00C55EA5 /* QuickLayoutViewController.swift */ = {isa = PBXFileReference; lastKnownFileType = sourcecode.swift; path = QuickLayoutViewController.swift; sourceTree = "<group>"; };
		B2921D5F285C070E00CBC001 /* FriendDemoViewController.swift */ = {isa = PBXFileReference; lastKnownFileType = sourcecode.swift; path = FriendDemoViewController.swift; sourceTree = "<group>"; };
		B2921D64285C1FF700CBC001 /* FriendView.swift */ = {isa = PBXFileReference; lastKnownFileType = sourcecode.swift; path = FriendView.swift; sourceTree = "<group>"; };
		B2A864F62BCD163300F1AD65 /* TestViewController.swift */ = {isa = PBXFileReference; lastKnownFileType = sourcecode.swift; path = TestViewController.swift; sourceTree = "<group>"; };
		B2B47DD22AF0ED2F0057FCFB /* DispatchViewController.swift */ = {isa = PBXFileReference; lastKnownFileType = sourcecode.swift; path = DispatchViewController.swift; sourceTree = "<group>"; };
		B2B4D1292AB3F6B700270C44 /* GradientLayerViewController.swift */ = {isa = PBXFileReference; lastKnownFileType = sourcecode.swift; path = GradientLayerViewController.swift; sourceTree = "<group>"; };
		B2BA01112BBABA3500F3774B /* QPlayerTestViewController.swift */ = {isa = PBXFileReference; lastKnownFileType = sourcecode.swift; path = QPlayerTestViewController.swift; sourceTree = "<group>"; };
		B2C0B1782951A3C900918951 /* GrayfloatIndexViewController.swift */ = {isa = PBXFileReference; lastKnownFileType = sourcecode.swift; path = GrayfloatIndexViewController.swift; sourceTree = "<group>"; };
		B2C0B17A2951A4A300918951 /* GrayfloatVC1.swift */ = {isa = PBXFileReference; lastKnownFileType = sourcecode.swift; path = GrayfloatVC1.swift; sourceTree = "<group>"; };
		B2C0B17C2951ACAB00918951 /* GrayfloatVC2.swift */ = {isa = PBXFileReference; lastKnownFileType = sourcecode.swift; path = GrayfloatVC2.swift; sourceTree = "<group>"; };
		B2C21346288AA8BB00B2C00B /* QuicklySwift_Example.entitlements */ = {isa = PBXFileReference; lastKnownFileType = text.plist.entitlements; path = QuicklySwift_Example.entitlements; sourceTree = "<group>"; };
		B2C4BC04284F3A1C00B7C25B /* IndexViewController.swift */ = {isa = PBXFileReference; lastKnownFileType = sourcecode.swift; path = IndexViewController.swift; sourceTree = "<group>"; };
		B2C6F2D328FFEC2100A04167 /* AVPlayerViewController.swift */ = {isa = PBXFileReference; lastKnownFileType = sourcecode.swift; path = AVPlayerViewController.swift; sourceTree = "<group>"; };
		B2CEF33E2BFC7E9A00EDFED5 /* QSliderTestViewController.swift */ = {isa = PBXFileReference; lastKnownFileType = sourcecode.swift; path = QSliderTestViewController.swift; sourceTree = "<group>"; };
		B2D5CB3C2852DA5A00C6C6EF /* CollectionViewDemoViewController.swift */ = {isa = PBXFileReference; lastKnownFileType = sourcecode.swift; path = CollectionViewDemoViewController.swift; sourceTree = "<group>"; };
		B2E5853B286002C300921A91 /* LayoutIndexViewController.swift */ = {isa = PBXFileReference; lastKnownFileType = sourcecode.swift; path = LayoutIndexViewController.swift; sourceTree = "<group>"; };
		B2E5853D286011D500921A91 /* LayoutDemoViewController.swift */ = {isa = PBXFileReference; lastKnownFileType = sourcecode.swift; path = LayoutDemoViewController.swift; sourceTree = "<group>"; };
		B2E5853F2860128200921A91 /* Model.swift */ = {isa = PBXFileReference; lastKnownFileType = sourcecode.swift; path = Model.swift; sourceTree = "<group>"; };
		B95236E3F1BEC8113E648E5D /* Pods-QuicklySwift_Tests.release.xcconfig */ = {isa = PBXFileReference; includeInIndex = 1; lastKnownFileType = text.xcconfig; name = "Pods-QuicklySwift_Tests.release.xcconfig"; path = "Target Support Files/Pods-QuicklySwift_Tests/Pods-QuicklySwift_Tests.release.xcconfig"; sourceTree = "<group>"; };
		F8377E7118CD6A80026F3DDD /* QuicklySwift.podspec */ = {isa = PBXFileReference; includeInIndex = 1; lastKnownFileType = text; name = QuicklySwift.podspec; path = ../QuicklySwift.podspec; sourceTree = "<group>"; xcLanguageSpecificationIdentifier = xcode.lang.ruby; };
		F92772CC4E67BBCE51EEBDB1 /* Pods-QuicklySwift_Example.debug.xcconfig */ = {isa = PBXFileReference; includeInIndex = 1; lastKnownFileType = text.xcconfig; name = "Pods-QuicklySwift_Example.debug.xcconfig"; path = "Target Support Files/Pods-QuicklySwift_Example/Pods-QuicklySwift_Example.debug.xcconfig"; sourceTree = "<group>"; };
/* End PBXFileReference section */

/* Begin PBXFrameworksBuildPhase section */
		607FACCD1AFB9204008FA782 /* Frameworks */ = {
			isa = PBXFrameworksBuildPhase;
			buildActionMask = 2147483647;
			files = (
				D58799F0923A0BADDD7AEE1F /* Pods_QuicklySwift_Example.framework in Frameworks */,
			);
			runOnlyForDeploymentPostprocessing = 0;
		};
		607FACE21AFB9204008FA782 /* Frameworks */ = {
			isa = PBXFrameworksBuildPhase;
			buildActionMask = 2147483647;
			files = (
				B0B5C8391276FB9FDCE8C8BF /* Pods_QuicklySwift_Tests.framework in Frameworks */,
			);
			runOnlyForDeploymentPostprocessing = 0;
		};
/* End PBXFrameworksBuildPhase section */

/* Begin PBXGroup section */
		3B0013D3F83BF9740667546A /* Frameworks */ = {
			isa = PBXGroup;
			children = (
				6E94721E4F9ED514869279E6 /* Pods_QuicklySwift_Example.framework */,
				10C44B640550BD816C60F599 /* Pods_QuicklySwift_Tests.framework */,
			);
			name = Frameworks;
			sourceTree = "<group>";
		};
		607FACC71AFB9204008FA782 = {
			isa = PBXGroup;
			children = (
				B2C21346288AA8BB00B2C00B /* QuicklySwift_Example.entitlements */,
				607FACF51AFB993E008FA782 /* Podspec Metadata */,
				607FACD21AFB9204008FA782 /* Example for QuicklySwift */,
				607FACE81AFB9204008FA782 /* Tests */,
				607FACD11AFB9204008FA782 /* Products */,
				CB85AF045F6EFE5EC59944B7 /* Pods */,
				3B0013D3F83BF9740667546A /* Frameworks */,
			);
			sourceTree = "<group>";
		};
		607FACD11AFB9204008FA782 /* Products */ = {
			isa = PBXGroup;
			children = (
				607FACD01AFB9204008FA782 /* QuicklySwift_Example.app */,
				607FACE51AFB9204008FA782 /* QuicklySwift_Tests.xctest */,
			);
			name = Products;
			sourceTree = "<group>";
		};
		607FACD21AFB9204008FA782 /* Example for QuicklySwift */ = {
			isa = PBXGroup;
			children = (
				607FACD51AFB9204008FA782 /* AppDelegate.swift */,
				B2C4BC03284F3A0A00B7C25B /* Demo */,
				607FACD71AFB9204008FA782 /* ViewController.swift */,
				607FACD91AFB9204008FA782 /* Main.storyboard */,
				607FACDC1AFB9204008FA782 /* Images.xcassets */,
				607FACDE1AFB9204008FA782 /* LaunchScreen.xib */,
				607FACD31AFB9204008FA782 /* Supporting Files */,
			);
			name = "Example for QuicklySwift";
			path = QuicklySwift;
			sourceTree = "<group>";
		};
		607FACD31AFB9204008FA782 /* Supporting Files */ = {
			isa = PBXGroup;
			children = (
				607FACD41AFB9204008FA782 /* Info.plist */,
			);
			name = "Supporting Files";
			sourceTree = "<group>";
		};
		607FACE81AFB9204008FA782 /* Tests */ = {
			isa = PBXGroup;
			children = (
				607FACEB1AFB9204008FA782 /* Tests.swift */,
				607FACE91AFB9204008FA782 /* Supporting Files */,
			);
			path = Tests;
			sourceTree = "<group>";
		};
		607FACE91AFB9204008FA782 /* Supporting Files */ = {
			isa = PBXGroup;
			children = (
				607FACEA1AFB9204008FA782 /* Info.plist */,
			);
			name = "Supporting Files";
			sourceTree = "<group>";
		};
		607FACF51AFB993E008FA782 /* Podspec Metadata */ = {
			isa = PBXGroup;
			children = (
				F8377E7118CD6A80026F3DDD /* QuicklySwift.podspec */,
				5AE0173B1EB48BBF49AEBAC4 /* README.md */,
				7DDB77ECFE0D5D82768870B4 /* LICENSE */,
			);
			name = "Podspec Metadata";
			sourceTree = "<group>";
		};
		B22C273F2872846800B34EEF /* Transition */ = {
			isa = PBXGroup;
			children = (
				B22C27402872848900B34EEF /* TransitionOneViewController.swift */,
				B22C27432872849C00B34EEF /* TransitionTwoViewController.swift */,
				B22C27462872892400B34EEF /* TransitionThreeViewController.swift */,
			);
			path = Transition;
			sourceTree = "<group>";
		};
		B2921D63285C1FDB00CBC001 /* View */ = {
			isa = PBXGroup;
			children = (
				B2921D64285C1FF700CBC001 /* FriendView.swift */,
			);
			path = View;
			sourceTree = "<group>";
		};
		B2C0B1772951A3AA00918951 /* GrayDemo */ = {
			isa = PBXGroup;
			children = (
				B2C0B1782951A3C900918951 /* GrayfloatIndexViewController.swift */,
				B2C0B17C2951ACAB00918951 /* GrayfloatVC2.swift */,
				B2C0B17A2951A4A300918951 /* GrayfloatVC1.swift */,
			);
			path = GrayDemo;
			sourceTree = "<group>";
		};
		B2C4BC03284F3A0A00B7C25B /* Demo */ = {
			isa = PBXGroup;
			children = (
				B2C0B1772951A3AA00918951 /* GrayDemo */,
				B2E5853A286002A200921A91 /* LayoutDemo */,
				B2C4BC04284F3A1C00B7C25B /* IndexViewController.swift */,
				B27EEADF2857261E00C55EA5 /* BaseViewDemoViewController.swift */,
				B26C6A7E2850519E009512EC /* QuicklyDemoViewController.swift */,
				B26C6A80285073CC009512EC /* TableViewDemoViewController.swift */,
				B2D5CB3C2852DA5A00C6C6EF /* CollectionViewDemoViewController.swift */,
				B20131BA285818A0004FE458 /* AnimateDemoViewController.swift */,
				B20131BE28585CE3004FE458 /* LedDemoViewController.swift */,
				B2E5853F2860128200921A91 /* Model.swift */,
				B2B4D1292AB3F6B700270C44 /* GradientLayerViewController.swift */,
				B2C6F2D328FFEC2100A04167 /* AVPlayerViewController.swift */,
				B2BA01112BBABA3500F3774B /* QPlayerTestViewController.swift */,
				B2B47DD22AF0ED2F0057FCFB /* DispatchViewController.swift */,
				B2A864F62BCD163300F1AD65 /* TestViewController.swift */,
				B2CEF33E2BFC7E9A00EDFED5 /* QSliderTestViewController.swift */,
			);
			path = Demo;
			sourceTree = "<group>";
		};
		B2E5853A286002A200921A91 /* LayoutDemo */ = {
			isa = PBXGroup;
			children = (
				B22C273F2872846800B34EEF /* Transition */,
				B2921D63285C1FDB00CBC001 /* View */,
				B2921D5F285C070E00CBC001 /* FriendDemoViewController.swift */,
				B27EEAE12857266B00C55EA5 /* QuickLayoutViewController.swift */,
				B2E5853B286002C300921A91 /* LayoutIndexViewController.swift */,
				B2E5853D286011D500921A91 /* LayoutDemoViewController.swift */,
			);
			path = LayoutDemo;
			sourceTree = "<group>";
		};
		CB85AF045F6EFE5EC59944B7 /* Pods */ = {
			isa = PBXGroup;
			children = (
				F92772CC4E67BBCE51EEBDB1 /* Pods-QuicklySwift_Example.debug.xcconfig */,
				372E01D0CBAC2F251CD52063 /* Pods-QuicklySwift_Example.release.xcconfig */,
				A8603293D5F28ABA2AA0917A /* Pods-QuicklySwift_Tests.debug.xcconfig */,
				B95236E3F1BEC8113E648E5D /* Pods-QuicklySwift_Tests.release.xcconfig */,
			);
			path = Pods;
			sourceTree = "<group>";
		};
/* End PBXGroup section */

/* Begin PBXNativeTarget section */
		607FACCF1AFB9204008FA782 /* QuicklySwift_Example */ = {
			isa = PBXNativeTarget;
			buildConfigurationList = 607FACEF1AFB9204008FA782 /* Build configuration list for PBXNativeTarget "QuicklySwift_Example" */;
			buildPhases = (
				F2EAEFD0570D4676A7EEBCB3 /* [CP] Check Pods Manifest.lock */,
				607FACCC1AFB9204008FA782 /* Sources */,
				607FACCD1AFB9204008FA782 /* Frameworks */,
				607FACCE1AFB9204008FA782 /* Resources */,
				38D132A2718836521BBE8170 /* [CP] Embed Pods Frameworks */,
			);
			buildRules = (
			);
			dependencies = (
			);
			name = QuicklySwift_Example;
			productName = QuicklySwift;
			productReference = 607FACD01AFB9204008FA782 /* QuicklySwift_Example.app */;
			productType = "com.apple.product-type.application";
		};
		607FACE41AFB9204008FA782 /* QuicklySwift_Tests */ = {
			isa = PBXNativeTarget;
			buildConfigurationList = 607FACF21AFB9204008FA782 /* Build configuration list for PBXNativeTarget "QuicklySwift_Tests" */;
			buildPhases = (
				6F8654992107C80C9742ADEB /* [CP] Check Pods Manifest.lock */,
				607FACE11AFB9204008FA782 /* Sources */,
				607FACE21AFB9204008FA782 /* Frameworks */,
				607FACE31AFB9204008FA782 /* Resources */,
				1D54421AE00EC03830C00F90 /* [CP] Embed Pods Frameworks */,
			);
			buildRules = (
			);
			dependencies = (
				607FACE71AFB9204008FA782 /* PBXTargetDependency */,
			);
			name = QuicklySwift_Tests;
			productName = Tests;
			productReference = 607FACE51AFB9204008FA782 /* QuicklySwift_Tests.xctest */;
			productType = "com.apple.product-type.bundle.unit-test";
		};
/* End PBXNativeTarget section */

/* Begin PBXProject section */
		607FACC81AFB9204008FA782 /* Project object */ = {
			isa = PBXProject;
			attributes = {
				LastSwiftUpdateCheck = 0830;
				LastUpgradeCheck = 0830;
				ORGANIZATIONNAME = CocoaPods;
				TargetAttributes = {
					607FACCF1AFB9204008FA782 = {
						CreatedOnToolsVersion = 6.3.1;
						DevelopmentTeam = 9363D6U2QU;
						LastSwiftMigration = 0900;
					};
					607FACE41AFB9204008FA782 = {
						CreatedOnToolsVersion = 6.3.1;
						DevelopmentTeam = 9363D6U2QU;
						LastSwiftMigration = "";
						TestTargetID = 607FACCF1AFB9204008FA782;
					};
				};
			};
			buildConfigurationList = 607FACCB1AFB9204008FA782 /* Build configuration list for PBXProject "QuicklySwift" */;
			compatibilityVersion = "Xcode 3.2";
			developmentRegion = English;
			hasScannedForEncodings = 0;
			knownRegions = (
				English,
				en,
				Base,
			);
			mainGroup = 607FACC71AFB9204008FA782;
			productRefGroup = 607FACD11AFB9204008FA782 /* Products */;
			projectDirPath = "";
			projectRoot = "";
			targets = (
				607FACCF1AFB9204008FA782 /* QuicklySwift_Example */,
				607FACE41AFB9204008FA782 /* QuicklySwift_Tests */,
			);
		};
/* End PBXProject section */

/* Begin PBXResourcesBuildPhase section */
		607FACCE1AFB9204008FA782 /* Resources */ = {
			isa = PBXResourcesBuildPhase;
			buildActionMask = 2147483647;
			files = (
				607FACDB1AFB9204008FA782 /* Main.storyboard in Resources */,
				607FACE01AFB9204008FA782 /* LaunchScreen.xib in Resources */,
				607FACDD1AFB9204008FA782 /* Images.xcassets in Resources */,
			);
			runOnlyForDeploymentPostprocessing = 0;
		};
		607FACE31AFB9204008FA782 /* Resources */ = {
			isa = PBXResourcesBuildPhase;
			buildActionMask = 2147483647;
			files = (
			);
			runOnlyForDeploymentPostprocessing = 0;
		};
/* End PBXResourcesBuildPhase section */

/* Begin PBXShellScriptBuildPhase section */
		1D54421AE00EC03830C00F90 /* [CP] Embed Pods Frameworks */ = {
			isa = PBXShellScriptBuildPhase;
			buildActionMask = 2147483647;
			files = (
			);
			inputPaths = (
				"${PODS_ROOT}/Target Support Files/Pods-QuicklySwift_Tests/Pods-QuicklySwift_Tests-frameworks.sh",
				"${BUILT_PRODUCTS_DIR}/FBSnapshotTestCase/FBSnapshotTestCase.framework",
			);
			name = "[CP] Embed Pods Frameworks";
			outputPaths = (
				"${TARGET_BUILD_DIR}/${FRAMEWORKS_FOLDER_PATH}/FBSnapshotTestCase.framework",
			);
			runOnlyForDeploymentPostprocessing = 0;
			shellPath = /bin/sh;
			shellScript = "\"${PODS_ROOT}/Target Support Files/Pods-QuicklySwift_Tests/Pods-QuicklySwift_Tests-frameworks.sh\"\n";
			showEnvVarsInLog = 0;
		};
		38D132A2718836521BBE8170 /* [CP] Embed Pods Frameworks */ = {
			isa = PBXShellScriptBuildPhase;
			buildActionMask = 2147483647;
			files = (
			);
			inputPaths = (
				"${PODS_ROOT}/Target Support Files/Pods-QuicklySwift_Example/Pods-QuicklySwift_Example-frameworks.sh",
				"${BUILT_PRODUCTS_DIR}/QuicklySwift/QuicklySwift.framework",
				"${BUILT_PRODUCTS_DIR}/RZColorfulSwift/RZColorfulSwift.framework",
				"${BUILT_PRODUCTS_DIR}/SnapKit/SnapKit.framework",
			);
			name = "[CP] Embed Pods Frameworks";
			outputPaths = (
				"${TARGET_BUILD_DIR}/${FRAMEWORKS_FOLDER_PATH}/QuicklySwift.framework",
				"${TARGET_BUILD_DIR}/${FRAMEWORKS_FOLDER_PATH}/RZColorfulSwift.framework",
				"${TARGET_BUILD_DIR}/${FRAMEWORKS_FOLDER_PATH}/SnapKit.framework",
			);
			runOnlyForDeploymentPostprocessing = 0;
			shellPath = /bin/sh;
			shellScript = "\"${PODS_ROOT}/Target Support Files/Pods-QuicklySwift_Example/Pods-QuicklySwift_Example-frameworks.sh\"\n";
			showEnvVarsInLog = 0;
		};
		6F8654992107C80C9742ADEB /* [CP] Check Pods Manifest.lock */ = {
			isa = PBXShellScriptBuildPhase;
			buildActionMask = 2147483647;
			files = (
			);
			inputFileListPaths = (
			);
			inputPaths = (
				"${PODS_PODFILE_DIR_PATH}/Podfile.lock",
				"${PODS_ROOT}/Manifest.lock",
			);
			name = "[CP] Check Pods Manifest.lock";
			outputFileListPaths = (
			);
			outputPaths = (
				"$(DERIVED_FILE_DIR)/Pods-QuicklySwift_Tests-checkManifestLockResult.txt",
			);
			runOnlyForDeploymentPostprocessing = 0;
			shellPath = /bin/sh;
			shellScript = "diff \"${PODS_PODFILE_DIR_PATH}/Podfile.lock\" \"${PODS_ROOT}/Manifest.lock\" > /dev/null\nif [ $? != 0 ] ; then\n    # print error to STDERR\n    echo \"error: The sandbox is not in sync with the Podfile.lock. Run 'pod install' or update your CocoaPods installation.\" >&2\n    exit 1\nfi\n# This output is used by Xcode 'outputs' to avoid re-running this script phase.\necho \"SUCCESS\" > \"${SCRIPT_OUTPUT_FILE_0}\"\n";
			showEnvVarsInLog = 0;
		};
		F2EAEFD0570D4676A7EEBCB3 /* [CP] Check Pods Manifest.lock */ = {
			isa = PBXShellScriptBuildPhase;
			buildActionMask = 2147483647;
			files = (
			);
			inputFileListPaths = (
			);
			inputPaths = (
				"${PODS_PODFILE_DIR_PATH}/Podfile.lock",
				"${PODS_ROOT}/Manifest.lock",
			);
			name = "[CP] Check Pods Manifest.lock";
			outputFileListPaths = (
			);
			outputPaths = (
				"$(DERIVED_FILE_DIR)/Pods-QuicklySwift_Example-checkManifestLockResult.txt",
			);
			runOnlyForDeploymentPostprocessing = 0;
			shellPath = /bin/sh;
			shellScript = "diff \"${PODS_PODFILE_DIR_PATH}/Podfile.lock\" \"${PODS_ROOT}/Manifest.lock\" > /dev/null\nif [ $? != 0 ] ; then\n    # print error to STDERR\n    echo \"error: The sandbox is not in sync with the Podfile.lock. Run 'pod install' or update your CocoaPods installation.\" >&2\n    exit 1\nfi\n# This output is used by Xcode 'outputs' to avoid re-running this script phase.\necho \"SUCCESS\" > \"${SCRIPT_OUTPUT_FILE_0}\"\n";
			showEnvVarsInLog = 0;
		};
/* End PBXShellScriptBuildPhase section */

/* Begin PBXSourcesBuildPhase section */
		607FACCC1AFB9204008FA782 /* Sources */ = {
			isa = PBXSourcesBuildPhase;
			buildActionMask = 2147483647;
			files = (
				B2E585402860128200921A91 /* Model.swift in Sources */,
				B2C0B1792951A3C900918951 /* GrayfloatIndexViewController.swift in Sources */,
				B27EEAE02857261E00C55EA5 /* BaseViewDemoViewController.swift in Sources */,
				B2E5853E286011D500921A91 /* LayoutDemoViewController.swift in Sources */,
				B20131BB285818A0004FE458 /* AnimateDemoViewController.swift in Sources */,
				B26C6A7F2850519E009512EC /* QuicklyDemoViewController.swift in Sources */,
				B2B4D12A2AB3F6B700270C44 /* GradientLayerViewController.swift in Sources */,
				B20131BF28585CE3004FE458 /* LedDemoViewController.swift in Sources */,
				607FACD81AFB9204008FA782 /* ViewController.swift in Sources */,
				B2C0B17D2951ACAB00918951 /* GrayfloatVC2.swift in Sources */,
				B2B47DD32AF0ED2F0057FCFB /* DispatchViewController.swift in Sources */,
				B2D5CB3D2852DA5A00C6C6EF /* CollectionViewDemoViewController.swift in Sources */,
				B22C27472872892400B34EEF /* TransitionThreeViewController.swift in Sources */,
				B22C27412872848900B34EEF /* TransitionOneViewController.swift in Sources */,
				B27EEAE22857266B00C55EA5 /* QuickLayoutViewController.swift in Sources */,
				B2921D60285C070E00CBC001 /* FriendDemoViewController.swift in Sources */,
				607FACD61AFB9204008FA782 /* AppDelegate.swift in Sources */,
				B2E5853C286002C300921A91 /* LayoutIndexViewController.swift in Sources */,
				B26C6A81285073CC009512EC /* TableViewDemoViewController.swift in Sources */,
				B2A864F72BCD163300F1AD65 /* TestViewController.swift in Sources */,
				B2BA01122BBABA3500F3774B /* QPlayerTestViewController.swift in Sources */,
				B2C0B17B2951A4A300918951 /* GrayfloatVC1.swift in Sources */,
				B22C27442872849C00B34EEF /* TransitionTwoViewController.swift in Sources */,
				B2CEF33F2BFC7E9A00EDFED5 /* QSliderTestViewController.swift in Sources */,
				B2921D65285C1FF700CBC001 /* FriendView.swift in Sources */,
				B2C6F2D428FFEC2100A04167 /* AVPlayerViewController.swift in Sources */,
				B2C4BC05284F3A1C00B7C25B /* IndexViewController.swift in Sources */,
			);
			runOnlyForDeploymentPostprocessing = 0;
		};
		607FACE11AFB9204008FA782 /* Sources */ = {
			isa = PBXSourcesBuildPhase;
			buildActionMask = 2147483647;
			files = (
				607FACEC1AFB9204008FA782 /* Tests.swift in Sources */,
			);
			runOnlyForDeploymentPostprocessing = 0;
		};
/* End PBXSourcesBuildPhase section */

/* Begin PBXTargetDependency section */
		607FACE71AFB9204008FA782 /* PBXTargetDependency */ = {
			isa = PBXTargetDependency;
			target = 607FACCF1AFB9204008FA782 /* QuicklySwift_Example */;
			targetProxy = 607FACE61AFB9204008FA782 /* PBXContainerItemProxy */;
		};
/* End PBXTargetDependency section */

/* Begin PBXVariantGroup section */
		607FACD91AFB9204008FA782 /* Main.storyboard */ = {
			isa = PBXVariantGroup;
			children = (
				607FACDA1AFB9204008FA782 /* Base */,
			);
			name = Main.storyboard;
			sourceTree = "<group>";
		};
		607FACDE1AFB9204008FA782 /* LaunchScreen.xib */ = {
			isa = PBXVariantGroup;
			children = (
				607FACDF1AFB9204008FA782 /* Base */,
			);
			name = LaunchScreen.xib;
			sourceTree = "<group>";
		};
/* End PBXVariantGroup section */

/* Begin XCBuildConfiguration section */
		607FACED1AFB9204008FA782 /* Debug */ = {
			isa = XCBuildConfiguration;
			buildSettings = {
				ALWAYS_SEARCH_USER_PATHS = NO;
				CLANG_CXX_LANGUAGE_STANDARD = "gnu++0x";
				CLANG_CXX_LIBRARY = "libc++";
				CLANG_ENABLE_MODULES = YES;
				CLANG_ENABLE_OBJC_ARC = YES;
				CLANG_WARN_BLOCK_CAPTURE_AUTORELEASING = YES;
				CLANG_WARN_BOOL_CONVERSION = YES;
				CLANG_WARN_COMMA = YES;
				CLANG_WARN_CONSTANT_CONVERSION = YES;
				CLANG_WARN_DIRECT_OBJC_ISA_USAGE = YES_ERROR;
				CLANG_WARN_EMPTY_BODY = YES;
				CLANG_WARN_ENUM_CONVERSION = YES;
				CLANG_WARN_INFINITE_RECURSION = YES;
				CLANG_WARN_INT_CONVERSION = YES;
				CLANG_WARN_NON_LITERAL_NULL_CONVERSION = YES;
				CLANG_WARN_OBJC_LITERAL_CONVERSION = YES;
				CLANG_WARN_OBJC_ROOT_CLASS = YES_ERROR;
				CLANG_WARN_RANGE_LOOP_ANALYSIS = YES;
				CLANG_WARN_STRICT_PROTOTYPES = YES;
				CLANG_WARN_SUSPICIOUS_MOVE = YES;
				CLANG_WARN_UNREACHABLE_CODE = YES;
				CLANG_WARN__DUPLICATE_METHOD_MATCH = YES;
				"CODE_SIGN_IDENTITY[sdk=iphoneos*]" = "iPhone Developer";
				COPY_PHASE_STRIP = NO;
				DEBUG_INFORMATION_FORMAT = "dwarf-with-dsym";
				ENABLE_STRICT_OBJC_MSGSEND = YES;
				ENABLE_TESTABILITY = YES;
				GCC_C_LANGUAGE_STANDARD = gnu99;
				GCC_DYNAMIC_NO_PIC = NO;
				GCC_NO_COMMON_BLOCKS = YES;
				GCC_OPTIMIZATION_LEVEL = 0;
				GCC_PREPROCESSOR_DEFINITIONS = (
					"DEBUG=1",
					"$(inherited)",
				);
				GCC_SYMBOLS_PRIVATE_EXTERN = NO;
				GCC_WARN_64_TO_32_BIT_CONVERSION = YES;
				GCC_WARN_ABOUT_RETURN_TYPE = YES_ERROR;
				GCC_WARN_UNDECLARED_SELECTOR = YES;
				GCC_WARN_UNINITIALIZED_AUTOS = YES_AGGRESSIVE;
				GCC_WARN_UNUSED_FUNCTION = YES;
				GCC_WARN_UNUSED_VARIABLE = YES;
				IPHONEOS_DEPLOYMENT_TARGET = 10;
				MTL_ENABLE_DEBUG_INFO = YES;
				ONLY_ACTIVE_ARCH = YES;
				SDKROOT = iphoneos;
				SWIFT_OPTIMIZATION_LEVEL = "-Onone";
				SWIFT_VERSION = 5.0;
			};
			name = Debug;
		};
		607FACEE1AFB9204008FA782 /* Release */ = {
			isa = XCBuildConfiguration;
			buildSettings = {
				ALWAYS_SEARCH_USER_PATHS = NO;
				CLANG_CXX_LANGUAGE_STANDARD = "gnu++0x";
				CLANG_CXX_LIBRARY = "libc++";
				CLANG_ENABLE_MODULES = YES;
				CLANG_ENABLE_OBJC_ARC = YES;
				CLANG_WARN_BLOCK_CAPTURE_AUTORELEASING = YES;
				CLANG_WARN_BOOL_CONVERSION = YES;
				CLANG_WARN_COMMA = YES;
				CLANG_WARN_CONSTANT_CONVERSION = YES;
				CLANG_WARN_DIRECT_OBJC_ISA_USAGE = YES_ERROR;
				CLANG_WARN_EMPTY_BODY = YES;
				CLANG_WARN_ENUM_CONVERSION = YES;
				CLANG_WARN_INFINITE_RECURSION = YES;
				CLANG_WARN_INT_CONVERSION = YES;
				CLANG_WARN_NON_LITERAL_NULL_CONVERSION = YES;
				CLANG_WARN_OBJC_LITERAL_CONVERSION = YES;
				CLANG_WARN_OBJC_ROOT_CLASS = YES_ERROR;
				CLANG_WARN_RANGE_LOOP_ANALYSIS = YES;
				CLANG_WARN_STRICT_PROTOTYPES = YES;
				CLANG_WARN_SUSPICIOUS_MOVE = YES;
				CLANG_WARN_UNREACHABLE_CODE = YES;
				CLANG_WARN__DUPLICATE_METHOD_MATCH = YES;
				"CODE_SIGN_IDENTITY[sdk=iphoneos*]" = "iPhone Developer";
				COPY_PHASE_STRIP = NO;
				DEBUG_INFORMATION_FORMAT = "dwarf-with-dsym";
				ENABLE_NS_ASSERTIONS = NO;
				ENABLE_STRICT_OBJC_MSGSEND = YES;
				GCC_C_LANGUAGE_STANDARD = gnu99;
				GCC_NO_COMMON_BLOCKS = YES;
				GCC_WARN_64_TO_32_BIT_CONVERSION = YES;
				GCC_WARN_ABOUT_RETURN_TYPE = YES_ERROR;
				GCC_WARN_UNDECLARED_SELECTOR = YES;
				GCC_WARN_UNINITIALIZED_AUTOS = YES_AGGRESSIVE;
				GCC_WARN_UNUSED_FUNCTION = YES;
				GCC_WARN_UNUSED_VARIABLE = YES;
				IPHONEOS_DEPLOYMENT_TARGET = 10;
				MTL_ENABLE_DEBUG_INFO = NO;
				SDKROOT = iphoneos;
				SWIFT_OPTIMIZATION_LEVEL = "-Owholemodule";
				SWIFT_VERSION = 5.0;
				VALIDATE_PRODUCT = YES;
			};
			name = Release;
		};
		607FACF01AFB9204008FA782 /* Debug */ = {
			isa = XCBuildConfiguration;
			baseConfigurationReference = F92772CC4E67BBCE51EEBDB1 /* Pods-QuicklySwift_Example.debug.xcconfig */;
			buildSettings = {
				ASSETCATALOG_COMPILER_APPICON_NAME = AppIcon;
				CODE_SIGN_ENTITLEMENTS = QuicklySwift_Example.entitlements;
				DEVELOPMENT_TEAM = 9363D6U2QU;
				INFOPLIST_FILE = QuicklySwift/Info.plist;
				IPHONEOS_DEPLOYMENT_TARGET = 10.0;
				LD_RUNPATH_SEARCH_PATHS = "$(inherited) @executable_path/Frameworks";
				MODULE_NAME = ExampleApp;
				PRODUCT_BUNDLE_IDENTIFIER = "org.cocoapods.demo.$(PRODUCT_NAME:rfc1034identifier)";
				PRODUCT_NAME = "$(TARGET_NAME)";
				SWIFT_SWIFT3_OBJC_INFERENCE = Default;
				SWIFT_VERSION = 5.0;
				TARGETED_DEVICE_FAMILY = 1;
			};
			name = Debug;
		};
		607FACF11AFB9204008FA782 /* Release */ = {
			isa = XCBuildConfiguration;
			baseConfigurationReference = 372E01D0CBAC2F251CD52063 /* Pods-QuicklySwift_Example.release.xcconfig */;
			buildSettings = {
				ASSETCATALOG_COMPILER_APPICON_NAME = AppIcon;
				CODE_SIGN_ENTITLEMENTS = QuicklySwift_Example.entitlements;
				DEVELOPMENT_TEAM = 9363D6U2QU;
				INFOPLIST_FILE = QuicklySwift/Info.plist;
				IPHONEOS_DEPLOYMENT_TARGET = 10.0;
				LD_RUNPATH_SEARCH_PATHS = "$(inherited) @executable_path/Frameworks";
				MODULE_NAME = ExampleApp;
				PRODUCT_BUNDLE_IDENTIFIER = "org.cocoapods.demo.$(PRODUCT_NAME:rfc1034identifier)";
				PRODUCT_NAME = "$(TARGET_NAME)";
				SWIFT_SWIFT3_OBJC_INFERENCE = Default;
				SWIFT_VERSION = 5.0;
				TARGETED_DEVICE_FAMILY = 1;
			};
			name = Release;
		};
		607FACF31AFB9204008FA782 /* Debug */ = {
			isa = XCBuildConfiguration;
			baseConfigurationReference = A8603293D5F28ABA2AA0917A /* Pods-QuicklySwift_Tests.debug.xcconfig */;
			buildSettings = {
				DEVELOPMENT_TEAM = 9363D6U2QU;
				FRAMEWORK_SEARCH_PATHS = (
					"$(PLATFORM_DIR)/Developer/Library/Frameworks",
					"$(inherited)",
				);
				GCC_PREPROCESSOR_DEFINITIONS = (
					"DEBUG=1",
					"$(inherited)",
				);
				INFOPLIST_FILE = Tests/Info.plist;
				IPHONEOS_DEPLOYMENT_TARGET = 10;
				LD_RUNPATH_SEARCH_PATHS = "$(inherited) @executable_path/Frameworks @loader_path/Frameworks";
				PRODUCT_BUNDLE_IDENTIFIER = "org.cocoapods.$(PRODUCT_NAME:rfc1034identifier)";
				PRODUCT_NAME = "$(TARGET_NAME)";
				SWIFT_SWIFT3_OBJC_INFERENCE = Default;
				SWIFT_VERSION = 5.0;
				TEST_HOST = "$(BUILT_PRODUCTS_DIR)/QuicklySwift_Example.app/QuicklySwift_Example";
			};
			name = Debug;
		};
		607FACF41AFB9204008FA782 /* Release */ = {
			isa = XCBuildConfiguration;
			baseConfigurationReference = B95236E3F1BEC8113E648E5D /* Pods-QuicklySwift_Tests.release.xcconfig */;
			buildSettings = {
				DEVELOPMENT_TEAM = 9363D6U2QU;
				FRAMEWORK_SEARCH_PATHS = (
					"$(PLATFORM_DIR)/Developer/Library/Frameworks",
					"$(inherited)",
				);
				INFOPLIST_FILE = Tests/Info.plist;
				IPHONEOS_DEPLOYMENT_TARGET = 10;
				LD_RUNPATH_SEARCH_PATHS = "$(inherited) @executable_path/Frameworks @loader_path/Frameworks";
				PRODUCT_BUNDLE_IDENTIFIER = "org.cocoapods.$(PRODUCT_NAME:rfc1034identifier)";
				PRODUCT_NAME = "$(TARGET_NAME)";
				SWIFT_SWIFT3_OBJC_INFERENCE = Default;
				SWIFT_VERSION = 5.0;
				TEST_HOST = "$(BUILT_PRODUCTS_DIR)/QuicklySwift_Example.app/QuicklySwift_Example";
			};
			name = Release;
		};
/* End XCBuildConfiguration section */

/* Begin XCConfigurationList section */
		607FACCB1AFB9204008FA782 /* Build configuration list for PBXProject "QuicklySwift" */ = {
			isa = XCConfigurationList;
			buildConfigurations = (
				607FACED1AFB9204008FA782 /* Debug */,
				607FACEE1AFB9204008FA782 /* Release */,
			);
			defaultConfigurationIsVisible = 0;
			defaultConfigurationName = Release;
		};
		607FACEF1AFB9204008FA782 /* Build configuration list for PBXNativeTarget "QuicklySwift_Example" */ = {
			isa = XCConfigurationList;
			buildConfigurations = (
				607FACF01AFB9204008FA782 /* Debug */,
				607FACF11AFB9204008FA782 /* Release */,
			);
			defaultConfigurationIsVisible = 0;
			defaultConfigurationName = Release;
		};
		607FACF21AFB9204008FA782 /* Build configuration list for PBXNativeTarget "QuicklySwift_Tests" */ = {
			isa = XCConfigurationList;
			buildConfigurations = (
				607FACF31AFB9204008FA782 /* Debug */,
				607FACF41AFB9204008FA782 /* Release */,
			);
			defaultConfigurationIsVisible = 0;
			defaultConfigurationName = Release;
		};
/* End XCConfigurationList section */
	};
	rootObject = 607FACC81AFB9204008FA782 /* Project object */;
}
